
Microsoft Visual Studio Solution File, Format Version 12.00
# Visual Studio Version 17
VisualStudioVersion = 17.12.35707.178
MinimumVisualStudioVersion = 10.0.40219.1
Project("{FAE04EC0-301F-11D3-BF4B-00C04F79EFBC}") = "AdvertisingPlatforms.Web", "AdvertisingPlatforms\AdvertisingPlatforms.Web.csproj", "{FD74DC96-4520-42C6-8F5D-3E50FCF54AA8}"
EndProject
Project("{FAE04EC0-301F-11D3-BF4B-00C04F79EFBC}") = "AdvertisingPlatforms.Tests", "AdvPlatformsTests\AdvertisingPlatforms.Tests.csproj", "{F2F4893C-0774-4AA8-9C07-A78092E7F090}"
EndProject
Project("{FAE04EC0-301F-11D3-BF4B-00C04F79EFBC}") = "AdvertisingPlatforms.Domain", "AdvertisingPlatform.Domain\AdvertisingPlatforms.Domain.csproj", "{A8807F10-5B62-4B5F-9073-F1EC90E672A0}"
EndProject
Project("{FAE04EC0-301F-11D3-BF4B-00C04F79EFBC}") = "AdvertisingPlatforms.DAL", "AdvertisingPlatforms.DAL\AdvertisingPlatforms.DAL.csproj", "{AFCD0E71-7915-49BB-A240-0C21B5B3270B}"
EndProject
Global
	GlobalSection(SolutionConfigurationPlatforms) = preSolution
		Debug|Any CPU = Debug|Any CPU
		Release|Any CPU = Release|Any CPU
	EndGlobalSection
	GlobalSection(ProjectConfigurationPlatforms) = postSolution
		{FD74DC96-4520-42C6-8F5D-3E50FCF54AA8}.Debug|Any CPU.ActiveCfg = Debug|Any CPU
		{FD74DC96-4520-42C6-8F5D-3E50FCF54AA8}.Debug|Any CPU.Build.0 = Debug|Any CPU
		{FD74DC96-4520-42C6-8F5D-3E50FCF54AA8}.Release|Any CPU.ActiveCfg = Release|Any CPU
		{FD74DC96-4520-42C6-8F5D-3E50FCF54AA8}.Release|Any CPU.Build.0 = Release|Any CPU
		{F2F4893C-0774-4AA8-9C07-A78092E7F090}.Debug|Any CPU.ActiveCfg = Debug|Any CPU
		{F2F4893C-0774-4AA8-9C07-A78092E7F090}.Debug|Any CPU.Build.0 = Debug|Any CPU
		{F2F4893C-0774-4AA8-9C07-A78092E7F090}.Release|Any CPU.ActiveCfg = Release|Any CPU
		{F2F4893C-0774-4AA8-9C07-A78092E7F090}.Release|Any CPU.Build.0 = Release|Any CPU
		{A8807F10-5B62-4B5F-9073-F1EC90E672A0}.Debug|Any CPU.ActiveCfg = Debug|Any CPU
		{A8807F10-5B62-4B5F-9073-F1EC90E672A0}.Debug|Any CPU.Build.0 = Debug|Any CPU
		{A8807F10-5B62-4B5F-9073-F1EC90E672A0}.Release|Any CPU.ActiveCfg = Release|Any CPU
		{A8807F10-5B62-4B5F-9073-F1EC90E672A0}.Release|Any CPU.Build.0 = Release|Any CPU
		{AFCD0E71-7915-49BB-A240-0C21B5B3270B}.Debug|Any CPU.ActiveCfg = Debug|Any CPU
		{AFCD0E71-7915-49BB-A240-0C21B5B3270B}.Debug|Any CPU.Build.0 = Debug|Any CPU
		{AFCD0E71-7915-49BB-A240-0C21B5B3270B}.Release|Any CPU.ActiveCfg = Release|Any CPU
		{AFCD0E71-7915-49BB-A240-0C21B5B3270B}.Release|Any CPU.Build.0 = Release|Any CPU
	EndGlobalSection
	GlobalSection(SolutionProperties) = preSolution
		HideSolutionNode = FALSE
	EndGlobalSection
EndGlobal
